
Microsoft Visual Studio Solution File, Format Version 12.00
# Visual Studio Version 17
VisualStudioVersion = 17.0.31903.59
MinimumVisualStudioVersion = 10.0.40219.1
Project("{2150E333-8FDC-42A3-9474-1A3956D46DE8}") = "src", "src", "{827E0CD3-B72D-47B6-A68D-7590B98EB39B}"
EndProject
Project("{FAE04EC0-301F-11D3-BF4B-00C04F79EFBC}") = "EquityNest.Web", "src\EquityNest.Web\EquityNest.Web.csproj", "{12DCC22D-B082-41AD-A938-D517DDD22293}"
EndProject
Project("{FAE04EC0-301F-11D3-BF4B-00C04F79EFBC}") = "EquityNest.Domain", "src\EquityNest.Domain\EquityNest.Domain.csproj", "{977E428E-46D3-4638-A946-C2FB546B6A6B}"
EndProject
Project("{FAE04EC0-301F-11D3-BF4B-00C04F79EFBC}") = "EquityNest.Application", "src\EquityNest.Application\EquityNest.Application.csproj", "{5C7C83D7-27E4-4EC1-B813-EBD3CDAE08AA}"
EndProject
Project("{FAE04EC0-301F-11D3-BF4B-00C04F79EFBC}") = "EquityNest.Infrastructure", "src\EquityNest.Infrastructure\EquityNest.Infrastructure.csproj", "{290DBFD6-0267-4635-9221-E9A951066DCD}"
EndProject
Project("{FAE04EC0-301F-11D3-BF4B-00C04F79EFBC}") = "EquityNest.Contracts", "src\EquityNest.Contracts\EquityNest.Contracts.csproj", "{75A8C3C4-DE2D-4307-B53D-B40BE392895A}"
EndProject
Project("{FAE04EC0-301F-11D3-BF4B-00C04F79EFBC}") = "EquityNest.Domain.Tests", "tests\EquityNest.Domain.Tests\EquityNest.Domain.Tests.csproj", "{58DB6252-6D7E-4DB0-B611-D88DECA1E324}"
EndProject
Project("{FAE04EC0-301F-11D3-BF4B-00C04F79EFBC}") = "EquityNest.Application.Tests", "tests\EquityNest.Application.Tests\EquityNest.Application.Tests.csproj", "{28C6F809-3B22-4631-8AA9-1B9B413463A6}"
EndProject
Global
	GlobalSection(SolutionConfigurationPlatforms) = preSolution
		Debug|Any CPU = Debug|Any CPU
		Debug|x64 = Debug|x64
		Debug|x86 = Debug|x86
		Release|Any CPU = Release|Any CPU
		Release|x64 = Release|x64
		Release|x86 = Release|x86
	EndGlobalSection
	GlobalSection(ProjectConfigurationPlatforms) = postSolution
		{12DCC22D-B082-41AD-A938-D517DDD22293}.Debug|Any CPU.ActiveCfg = Debug|Any CPU
		{12DCC22D-B082-41AD-A938-D517DDD22293}.Debug|Any CPU.Build.0 = Debug|Any CPU
		{12DCC22D-B082-41AD-A938-D517DDD22293}.Debug|x64.ActiveCfg = Debug|Any CPU
		{12DCC22D-B082-41AD-A938-D517DDD22293}.Debug|x64.Build.0 = Debug|Any CPU
		{12DCC22D-B082-41AD-A938-D517DDD22293}.Debug|x86.ActiveCfg = Debug|Any CPU
		{12DCC22D-B082-41AD-A938-D517DDD22293}.Debug|x86.Build.0 = Debug|Any CPU
		{12DCC22D-B082-41AD-A938-D517DDD22293}.Release|Any CPU.ActiveCfg = Release|Any CPU
		{12DCC22D-B082-41AD-A938-D517DDD22293}.Release|Any CPU.Build.0 = Release|Any CPU
		{12DCC22D-B082-41AD-A938-D517DDD22293}.Release|x64.ActiveCfg = Release|Any CPU
		{12DCC22D-B082-41AD-A938-D517DDD22293}.Release|x64.Build.0 = Release|Any CPU
		{12DCC22D-B082-41AD-A938-D517DDD22293}.Release|x86.ActiveCfg = Release|Any CPU
		{12DCC22D-B082-41AD-A938-D517DDD22293}.Release|x86.Build.0 = Release|Any CPU
		{977E428E-46D3-4638-A946-C2FB546B6A6B}.Debug|Any CPU.ActiveCfg = Debug|Any CPU
		{977E428E-46D3-4638-A946-C2FB546B6A6B}.Debug|Any CPU.Build.0 = Debug|Any CPU
		{977E428E-46D3-4638-A946-C2FB546B6A6B}.Debug|x64.ActiveCfg = Debug|Any CPU
		{977E428E-46D3-4638-A946-C2FB546B6A6B}.Debug|x64.Build.0 = Debug|Any CPU
		{977E428E-46D3-4638-A946-C2FB546B6A6B}.Debug|x86.ActiveCfg = Debug|Any CPU
		{977E428E-46D3-4638-A946-C2FB546B6A6B}.Debug|x86.Build.0 = Debug|Any CPU
		{977E428E-46D3-4638-A946-C2FB546B6A6B}.Release|Any CPU.ActiveCfg = Release|Any CPU
		{977E428E-46D3-4638-A946-C2FB546B6A6B}.Release|Any CPU.Build.0 = Release|Any CPU
		{977E428E-46D3-4638-A946-C2FB546B6A6B}.Release|x64.ActiveCfg = Release|Any CPU
		{977E428E-46D3-4638-A946-C2FB546B6A6B}.Release|x64.Build.0 = Release|Any CPU
		{977E428E-46D3-4638-A946-C2FB546B6A6B}.Release|x86.ActiveCfg = Release|Any CPU
		{977E428E-46D3-4638-A946-C2FB546B6A6B}.Release|x86.Build.0 = Release|Any CPU
		{5C7C83D7-27E4-4EC1-B813-EBD3CDAE08AA}.Debug|Any CPU.ActiveCfg = Debug|Any CPU
		{5C7C83D7-27E4-4EC1-B813-EBD3CDAE08AA}.Debug|Any CPU.Build.0 = Debug|Any CPU
		{5C7C83D7-27E4-4EC1-B813-EBD3CDAE08AA}.Debug|x64.ActiveCfg = Debug|Any CPU
		{5C7C83D7-27E4-4EC1-B813-EBD3CDAE08AA}.Debug|x64.Build.0 = Debug|Any CPU
		{5C7C83D7-27E4-4EC1-B813-EBD3CDAE08AA}.Debug|x86.ActiveCfg = Debug|Any CPU
		{5C7C83D7-27E4-4EC1-B813-EBD3CDAE08AA}.Debug|x86.Build.0 = Debug|Any CPU
		{5C7C83D7-27E4-4EC1-B813-EBD3CDAE08AA}.Release|Any CPU.ActiveCfg = Release|Any CPU
		{5C7C83D7-27E4-4EC1-B813-EBD3CDAE08AA}.Release|Any CPU.Build.0 = Release|Any CPU
		{5C7C83D7-27E4-4EC1-B813-EBD3CDAE08AA}.Release|x64.ActiveCfg = Release|Any CPU
		{5C7C83D7-27E4-4EC1-B813-EBD3CDAE08AA}.Release|x64.Build.0 = Release|Any CPU
		{5C7C83D7-27E4-4EC1-B813-EBD3CDAE08AA}.Release|x86.ActiveCfg = Release|Any CPU
		{5C7C83D7-27E4-4EC1-B813-EBD3CDAE08AA}.Release|x86.Build.0 = Release|Any CPU
		{290DBFD6-0267-4635-9221-E9A951066DCD}.Debug|Any CPU.ActiveCfg = Debug|Any CPU
		{290DBFD6-0267-4635-9221-E9A951066DCD}.Debug|Any CPU.Build.0 = Debug|Any CPU
		{290DBFD6-0267-4635-9221-E9A951066DCD}.Debug|x64.ActiveCfg = Debug|Any CPU
		{290DBFD6-0267-4635-9221-E9A951066DCD}.Debug|x64.Build.0 = Debug|Any CPU
		{290DBFD6-0267-4635-9221-E9A951066DCD}.Debug|x86.ActiveCfg = Debug|Any CPU
		{290DBFD6-0267-4635-9221-E9A951066DCD}.Debug|x86.Build.0 = Debug|Any CPU
		{290DBFD6-0267-4635-9221-E9A951066DCD}.Release|Any CPU.ActiveCfg = Release|Any CPU
		{290DBFD6-0267-4635-9221-E9A951066DCD}.Release|Any CPU.Build.0 = Release|Any CPU
		{290DBFD6-0267-4635-9221-E9A951066DCD}.Release|x64.ActiveCfg = Release|Any CPU
		{290DBFD6-0267-4635-9221-E9A951066DCD}.Release|x64.Build.0 = Release|Any CPU
		{290DBFD6-0267-4635-9221-E9A951066DCD}.Release|x86.ActiveCfg = Release|Any CPU
		{290DBFD6-0267-4635-9221-E9A951066DCD}.Release|x86.Build.0 = Release|Any CPU
		{75A8C3C4-DE2D-4307-B53D-B40BE392895A}.Debug|Any CPU.ActiveCfg = Debug|Any CPU
		{75A8C3C4-DE2D-4307-B53D-B40BE392895A}.Debug|Any CPU.Build.0 = Debug|Any CPU
		{75A8C3C4-DE2D-4307-B53D-B40BE392895A}.Debug|x64.ActiveCfg = Debug|Any CPU
		{75A8C3C4-DE2D-4307-B53D-B40BE392895A}.Debug|x64.Build.0 = Debug|Any CPU
		{75A8C3C4-DE2D-4307-B53D-B40BE392895A}.Debug|x86.ActiveCfg = Debug|Any CPU
		{75A8C3C4-DE2D-4307-B53D-B40BE392895A}.Debug|x86.Build.0 = Debug|Any CPU
		{75A8C3C4-DE2D-4307-B53D-B40BE392895A}.Release|Any CPU.ActiveCfg = Release|Any CPU
		{75A8C3C4-DE2D-4307-B53D-B40BE392895A}.Release|Any CPU.Build.0 = Release|Any CPU
		{75A8C3C4-DE2D-4307-B53D-B40BE392895A}.Release|x64.ActiveCfg = Release|Any CPU
		{75A8C3C4-DE2D-4307-B53D-B40BE392895A}.Release|x64.Build.0 = Release|Any CPU
		{75A8C3C4-DE2D-4307-B53D-B40BE392895A}.Release|x86.ActiveCfg = Release|Any CPU
		{75A8C3C4-DE2D-4307-B53D-B40BE392895A}.Release|x86.Build.0 = Release|Any CPU
		{58DB6252-6D7E-4DB0-B611-D88DECA1E324}.Debug|Any CPU.ActiveCfg = Debug|Any CPU
		{58DB6252-6D7E-4DB0-B611-D88DECA1E324}.Debug|Any CPU.Build.0 = Debug|Any CPU
		{58DB6252-6D7E-4DB0-B611-D88DECA1E324}.Debug|x64.ActiveCfg = Debug|Any CPU
		{58DB6252-6D7E-4DB0-B611-D88DECA1E324}.Debug|x64.Build.0 = Debug|Any CPU
		{58DB6252-6D7E-4DB0-B611-D88DECA1E324}.Debug|x86.ActiveCfg = Debug|Any CPU
		{58DB6252-6D7E-4DB0-B611-D88DECA1E324}.Debug|x86.Build.0 = Debug|Any CPU
		{58DB6252-6D7E-4DB0-B611-D88DECA1E324}.Release|Any CPU.ActiveCfg = Release|Any CPU
		{58DB6252-6D7E-4DB0-B611-D88DECA1E324}.Release|Any CPU.Build.0 = Release|Any CPU
		{58DB6252-6D7E-4DB0-B611-D88DECA1E324}.Release|x64.ActiveCfg = Release|Any CPU
		{58DB6252-6D7E-4DB0-B611-D88DECA1E324}.Release|x64.Build.0 = Release|Any CPU
		{58DB6252-6D7E-4DB0-B611-D88DECA1E324}.Release|x86.ActiveCfg = Release|Any CPU
		{58DB6252-6D7E-4DB0-B611-D88DECA1E324}.Release|x86.Build.0 = Release|Any CPU
		{28C6F809-3B22-4631-8AA9-1B9B413463A6}.Debug|Any CPU.ActiveCfg = Debug|Any CPU
		{28C6F809-3B22-4631-8AA9-1B9B413463A6}.Debug|Any CPU.Build.0 = Debug|Any CPU
		{28C6F809-3B22-4631-8AA9-1B9B413463A6}.Debug|x64.ActiveCfg = Debug|Any CPU
		{28C6F809-3B22-4631-8AA9-1B9B413463A6}.Debug|x64.Build.0 = Debug|Any CPU
		{28C6F809-3B22-4631-8AA9-1B9B413463A6}.Debug|x86.ActiveCfg = Debug|Any CPU
		{28C6F809-3B22-4631-8AA9-1B9B413463A6}.Debug|x86.Build.0 = Debug|Any CPU
		{28C6F809-3B22-4631-8AA9-1B9B413463A6}.Release|Any CPU.ActiveCfg = Release|Any CPU
		{28C6F809-3B22-4631-8AA9-1B9B413463A6}.Release|Any CPU.Build.0 = Release|Any CPU
		{28C6F809-3B22-4631-8AA9-1B9B413463A6}.Release|x64.ActiveCfg = Release|Any CPU
		{28C6F809-3B22-4631-8AA9-1B9B413463A6}.Release|x64.Build.0 = Release|Any CPU
		{28C6F809-3B22-4631-8AA9-1B9B413463A6}.Release|x86.ActiveCfg = Release|Any CPU
		{28C6F809-3B22-4631-8AA9-1B9B413463A6}.Release|x86.Build.0 = Release|Any CPU
	EndGlobalSection
	GlobalSection(SolutionProperties) = preSolution
		HideSolutionNode = FALSE
	EndGlobalSection
	GlobalSection(NestedProjects) = preSolution
		{12DCC22D-B082-41AD-A938-D517DDD22293} = {827E0CD3-B72D-47B6-A68D-7590B98EB39B}
		{977E428E-46D3-4638-A946-C2FB546B6A6B} = {827E0CD3-B72D-47B6-A68D-7590B98EB39B}
		{5C7C83D7-27E4-4EC1-B813-EBD3CDAE08AA} = {827E0CD3-B72D-47B6-A68D-7590B98EB39B}
		{290DBFD6-0267-4635-9221-E9A951066DCD} = {827E0CD3-B72D-47B6-A68D-7590B98EB39B}
		{75A8C3C4-DE2D-4307-B53D-B40BE392895A} = {827E0CD3-B72D-47B6-A68D-7590B98EB39B}
		{58DB6252-6D7E-4DB0-B611-D88DECA1E324} = {827E0CD3-B72D-47B6-A68D-7590B98EB39B}
		{28C6F809-3B22-4631-8AA9-1B9B413463A6} = {827E0CD3-B72D-47B6-A68D-7590B98EB39B}
	EndGlobalSection
EndGlobal
